// !$*UTF8*$!
{
	archiveVersion = 1;
	classes = {
	};
	objectVersion = 77;
	objects = {

/* Begin PBXBuildFile section */
		A14600E02F995E7800ED31F5 /* GoalType.swift in Sources */ = {isa = PBXBuildFile; fileRef = A14600DF2F995E7500ED31F5 /* GoalType.swift */; };
		A14600E22F995EA200ED31F5 /* CheckIn.swift in Sources */ = {isa = PBXBuildFile; fileRef = A14600E12F995E9D00ED31F5 /* CheckIn.swift */; };
		A14600E42F996A9500ED31F5 /* GoalTemplate.swift in Sources */ = {isa = PBXBuildFile; fileRef = A14600E32F996A9200ED31F5 /* GoalTemplate.swift */; };
		A14600E62F996AB300ED31F5 /* AddGoalView.swift in Sources */ = {isa = PBXBuildFile; fileRef = A14600E52F996AAE00ED31F5 /* AddGoalView.swift */; };
		A167F73D2F9A893700A00FD5 /* CalendarZoom.swift in Sources */ = {isa = PBXBuildFile; fileRef = A167F73C2F9A893300A00FD5 /* CalendarZoom.swift */; };
		A167F73F2F9A896B00A00FD5 /* DayCellView.swift in Sources */ = {isa = PBXBuildFile; fileRef = A167F73E2F9A896700A00FD5 /* DayCellView.swift */; };
		A167F7412F9A897C00A00FD5 /* DayDetailView.swift in Sources */ = {isa = PBXBuildFile; fileRef = A167F7402F9A897800A00FD5 /* DayDetailView.swift */; };
		A1A1C3D92F8D855D00EB377C /* TodayView.swift in Sources */ = {isa = PBXBuildFile; fileRef = A1A1C3D42F8D79E600EB377C /* TodayView.swift */; };
		A1A1C3DA2F8D856900EB377C /* CalendarView.swift in Sources */ = {isa = PBXBuildFile; fileRef = A1A1C3D62F8D7A1800EB377C /* CalendarView.swift */; };
		A1A1C3DB2F8D857000EB377C /* InsightsView.swift in Sources */ = {isa = PBXBuildFile; fileRef = A1A1C3D72F8D7A2D00EB377C /* InsightsView.swift */; };
		A1A1C3DC2F8D87AA00EB377C /* StatCard.swift in Sources */ = {isa = PBXBuildFile; fileRef = A1A1C3D82F8D7A3E00EB377C /* StatCard.swift */; };
		A1A1C3DD2F8D87CC00EB377C /* GoalCardView.swift in Sources */ = {isa = PBXBuildFile; fileRef = A1A1C3D52F8D7A0300EB377C /* GoalCardView.swift */; };
		A1A1C3DE2F8D87D200EB377C /* Goal.swift in Sources */ = {isa = PBXBuildFile; fileRef = A1A1C3D22F8D799000EB377C /* Goal.swift */; };
		A1C234452F9A8FA4008228BA /* ProgressStats.swift in Sources */ = {isa = PBXBuildFile; fileRef = A1C234442F9A8F9B008228BA /* ProgressStats.swift */; };
		A1C234472F9A8FBF008228BA /* ProgressCalculator.swift in Sources */ = {isa = PBXBuildFile; fileRef = A1C234462F9A8FB9008228BA /* ProgressCalculator.swift */; };
		A1C2344B2F9A8FDF008228BA /* ProgressStatCard.swift in Sources */ = {isa = PBXBuildFile; fileRef = A1C2344A2F9A8FDB008228BA /* ProgressStatCard.swift */; };
		A1C2344D2F9A9014008228BA /* PreviewSeeder.swift in Sources */ = {isa = PBXBuildFile; fileRef = A1C2344C2F9A900C008228BA /* PreviewSeeder.swift */; };
		A1F4687B2F9A8D0E00641223 /* ProgressDataPoint.swift in Sources */ = {isa = PBXBuildFile; fileRef = A1F4687A2F9A8CFD00641223 /* ProgressDataPoint.swift */; };
/* End PBXBuildFile section */

/* Begin PBXFileReference section */
		A14600DF2F995E7500ED31F5 /* GoalType.swift */ = {isa = PBXFileReference; lastKnownFileType = sourcecode.swift; path = GoalType.swift; sourceTree = "<group>"; };
		A14600E12F995E9D00ED31F5 /* CheckIn.swift */ = {isa = PBXFileReference; lastKnownFileType = sourcecode.swift; path = CheckIn.swift; sourceTree = "<group>"; };
		A14600E32F996A9200ED31F5 /* GoalTemplate.swift */ = {isa = PBXFileReference; lastKnownFileType = sourcecode.swift; path = GoalTemplate.swift; sourceTree = "<group>"; };
		A14600E52F996AAE00ED31F5 /* AddGoalView.swift */ = {isa = PBXFileReference; lastKnownFileType = sourcecode.swift; path = AddGoalView.swift; sourceTree = "<group>"; };
		A14600E92F9A879000ED31F5 /* Untitled.swift */ = {isa = PBXFileReference; lastKnownFileType = sourcecode.swift; path = Untitled.swift; sourceTree = "<group>"; };
		A167F73C2F9A893300A00FD5 /* CalendarZoom.swift */ = {isa = PBXFileReference; lastKnownFileType = sourcecode.swift; path = CalendarZoom.swift; sourceTree = "<group>"; };
		A167F73E2F9A896700A00FD5 /* DayCellView.swift */ = {isa = PBXFileReference; lastKnownFileType = sourcecode.swift; path = DayCellView.swift; sourceTree = "<group>"; };
		A167F7402F9A897800A00FD5 /* DayDetailView.swift */ = {isa = PBXFileReference; lastKnownFileType = sourcecode.swift; path = DayDetailView.swift; sourceTree = "<group>"; };
		A1A1C3B62F8D767C00EB377C /* Consistency Calendar.app */ = {isa = PBXFileReference; explicitFileType = wrapper.application; includeInIndex = 0; path = "Consistency Calendar.app"; sourceTree = BUILT_PRODUCTS_DIR; };
		A1A1C3D22F8D799000EB377C /* Goal.swift */ = {isa = PBXFileReference; lastKnownFileType = sourcecode.swift; path = Goal.swift; sourceTree = "<group>"; };
		A1A1C3D42F8D79E600EB377C /* TodayView.swift */ = {isa = PBXFileReference; lastKnownFileType = sourcecode.swift; path = TodayView.swift; sourceTree = "<group>"; };
		A1A1C3D52F8D7A0300EB377C /* GoalCardView.swift */ = {isa = PBXFileReference; lastKnownFileType = sourcecode.swift; path = GoalCardView.swift; sourceTree = "<group>"; };
		A1A1C3D62F8D7A1800EB377C /* CalendarView.swift */ = {isa = PBXFileReference; lastKnownFileType = sourcecode.swift; path = CalendarView.swift; sourceTree = "<group>"; };
		A1A1C3D72F8D7A2D00EB377C /* InsightsView.swift */ = {isa = PBXFileReference; lastKnownFileType = sourcecode.swift; path = InsightsView.swift; sourceTree = "<group>"; };
		A1A1C3D82F8D7A3E00EB377C /* StatCard.swift */ = {isa = PBXFileReference; lastKnownFileType = sourcecode.swift; path = StatCard.swift; sourceTree = "<group>"; };
		A1C234442F9A8F9B008228BA /* ProgressStats.swift */ = {isa = PBXFileReference; lastKnownFileType = sourcecode.swift; path = ProgressStats.swift; sourceTree = "<group>"; };
		A1C234462F9A8FB9008228BA /* ProgressCalculator.swift */ = {isa = PBXFileReference; lastKnownFileType = sourcecode.swift; path = ProgressCalculator.swift; sourceTree = "<group>"; };
		A1C2344A2F9A8FDB008228BA /* ProgressStatCard.swift */ = {isa = PBXFileReference; lastKnownFileType = sourcecode.swift; path = ProgressStatCard.swift; sourceTree = "<group>"; };
		A1C2344C2F9A900C008228BA /* PreviewSeeder.swift */ = {isa = PBXFileReference; lastKnownFileType = sourcecode.swift; path = PreviewSeeder.swift; sourceTree = "<group>"; };
		A1F4687A2F9A8CFD00641223 /* ProgressDataPoint.swift */ = {isa = PBXFileReference; lastKnownFileType = sourcecode.swift; path = ProgressDataPoint.swift; sourceTree = "<group>"; };
/* End PBXFileReference section */

/* Begin PBXFileSystemSynchronizedRootGroup section */
		A1A1C3B82F8D767C00EB377C /* Consistency Calendar */ = {
			isa = PBXFileSystemSynchronizedRootGroup;
			path = "Consistency Calendar";
			sourceTree = "<group>";
		};
/* End PBXFileSystemSynchronizedRootGroup section */

/* Begin PBXFrameworksBuildPhase section */
		A1A1C3B32F8D767C00EB377C /* Frameworks */ = {
			isa = PBXFrameworksBuildPhase;
			buildActionMask = 2147483647;
			files = (
			);
			runOnlyForDeploymentPostprocessing = 0;
		};
/* End PBXFrameworksBuildPhase section */

/* Begin PBXGroup section */
		A1A1C3AD2F8D767B00EB377C = {
			isa = PBXGroup;
			children = (
				A1A1C3B82F8D767C00EB377C /* Consistency Calendar */,
				A1A1C3B72F8D767C00EB377C /* Products */,
				A1A1C3CC2F8D793D00EB377C /* Models */,
				A1A1C3CE2F8D795500EB377C /* Views */,
				A1A1C3D02F8D796300EB377C /* ViewModels */,
				A1A1C3D12F8D798100EB377C /* Components */,
			);
			sourceTree = "<group>";
		};
		A1A1C3B72F8D767C00EB377C /* Products */ = {
			isa = PBXGroup;
			children = (
				A1A1C3B62F8D767C00EB377C /* Consistency Calendar.app */,
			);
			name = Products;
			sourceTree = "<group>";
		};
		A1A1C3CC2F8D793D00EB377C /* Models */ = {
			isa = PBXGroup;
			children = (
				A1C2344C2F9A900C008228BA /* PreviewSeeder.swift */,
				A1C2344A2F9A8FDB008228BA /* ProgressStatCard.swift */,
				A1C234462F9A8FB9008228BA /* ProgressCalculator.swift */,
				A1C234442F9A8F9B008228BA /* ProgressStats.swift */,
				A1F4687A2F9A8CFD00641223 /* ProgressDataPoint.swift */,
				A167F73C2F9A893300A00FD5 /* CalendarZoom.swift */,
				A14600E32F996A9200ED31F5 /* GoalTemplate.swift */,
				A14600E12F995E9D00ED31F5 /* CheckIn.swift */,
				A14600DF2F995E7500ED31F5 /* GoalType.swift */,
				A1A1C3D22F8D799000EB377C /* Goal.swift */,
			);
			path = Models;
			sourceTree = "<group>";
		};
		A1A1C3CE2F8D795500EB377C /* Views */ = {
			isa = PBXGroup;
			children = (
				A167F73E2F9A896700A00FD5 /* DayCellView.swift */,
				A167F7402F9A897800A00FD5 /* DayDetailView.swift */,
				A14600E52F996AAE00ED31F5 /* AddGoalView.swift */,
				A1A1C3D82F8D7A3E00EB377C /* StatCard.swift */,
				A1A1C3D72F8D7A2D00EB377C /* InsightsView.swift */,
				A1A1C3D62F8D7A1800EB377C /* CalendarView.swift */,
				A1A1C3D42F8D79E600EB377C /* TodayView.swift */,
			);
			path = Views;
			sourceTree = "<group>";
		};
		A1A1C3D02F8D796300EB377C /* ViewModels */ = {
			isa = PBXGroup;
			children = (
				A14600E92F9A879000ED31F5 /* Untitled.swift */,
			);
			path = ViewModels;
			sourceTree = "<group>";
		};
		A1A1C3D12F8D798100EB377C /* Components */ = {
			isa = PBXGroup;
			children = (
				A1A1C3D52F8D7A0300EB377C /* GoalCardView.swift */,
			);
			path = Components;
			sourceTree = "<group>";
		};
/* End PBXGroup section */

/* Begin PBXNativeTarget section */
		A1A1C3B52F8D767C00EB377C /* Consistency Calendar */ = {
			isa = PBXNativeTarget;
			buildConfigurationList = A1A1C3C12F8D767E00EB377C /* Build configuration list for PBXNativeTarget "Consistency Calendar" */;
			buildPhases = (
				A1A1C3B22F8D767C00EB377C /* Sources */,
				A1A1C3B32F8D767C00EB377C /* Frameworks */,
				A1A1C3B42F8D767C00EB377C /* Resources */,
			);
			buildRules = (
			);
			dependencies = (
			);
			fileSystemSynchronizedGroups = (
				A1A1C3B82F8D767C00EB377C /* Consistency Calendar */,
			);
			name = "Consistency Calendar";
			packageProductDependencies = (
			);
			productName = "Consistency Calendar";
			productReference = A1A1C3B62F8D767C00EB377C /* Consistency Calendar.app */;
			productType = "com.apple.product-type.application";
		};
/* End PBXNativeTarget section */

/* Begin PBXProject section */
		A1A1C3AE2F8D767B00EB377C /* Project object */ = {
			isa = PBXProject;
			attributes = {
				BuildIndependentTargetsInParallel = 1;
				LastSwiftUpdateCheck = 2620;
				LastUpgradeCheck = 2620;
				TargetAttributes = {
					A1A1C3B52F8D767C00EB377C = {
						CreatedOnToolsVersion = 26.2;
					};
				};
			};
			buildConfigurationList = A1A1C3B12F8D767B00EB377C /* Build configuration list for PBXProject "Consistency Calendar" */;
			developmentRegion = en;
			hasScannedForEncodings = 0;
			knownRegions = (
				en,
				Base,
			);
			mainGroup = A1A1C3AD2F8D767B00EB377C;
			minimizedProjectReferenceProxies = 1;
			preferredProjectObjectVersion = 77;
			productRefGroup = A1A1C3B72F8D767C00EB377C /* Products */;
			projectDirPath = "";
			projectRoot = "";
			targets = (
				A1A1C3B52F8D767C00EB377C /* Consistency Calendar */,
			);
		};
/* End PBXProject section */

/* Begin PBXResourcesBuildPhase section */
		A1A1C3B42F8D767C00EB377C /* Resources */ = {
			isa = PBXResourcesBuildPhase;
			buildActionMask = 2147483647;
			files = (
			);
			runOnlyForDeploymentPostprocessing = 0;
		};
/* End PBXResourcesBuildPhase section */

/* Begin PBXSourcesBuildPhase section */
		A1A1C3B22F8D767C00EB377C /* Sources */ = {
			isa = PBXSourcesBuildPhase;
			buildActionMask = 2147483647;
			files = (
				A1C234472F9A8FBF008228BA /* ProgressCalculator.swift in Sources */,
				A1A1C3DE2F8D87D200EB377C /* Goal.swift in Sources */,
				A167F73F2F9A896B00A00FD5 /* DayCellView.swift in Sources */,
				A1A1C3DD2F8D87CC00EB377C /* GoalCardView.swift in Sources */,
				A14600E42F996A9500ED31F5 /* GoalTemplate.swift in Sources */,
				A167F7412F9A897C00A00FD5 /* DayDetailView.swift in Sources */,
				A14600E62F996AB300ED31F5 /* AddGoalView.swift in Sources */,
				A1C2344B2F9A8FDF008228BA /* ProgressStatCard.swift in Sources */,
				A1A1C3DB2F8D857000EB377C /* InsightsView.swift in Sources */,
				A1C234452F9A8FA4008228BA /* ProgressStats.swift in Sources */,
				A1A1C3D92F8D855D00EB377C /* TodayView.swift in Sources */,
				A167F73D2F9A893700A00FD5 /* CalendarZoom.swift in Sources */,
				A1F4687B2F9A8D0E00641223 /* ProgressDataPoint.swift in Sources */,
				A1A1C3DC2F8D87AA00EB377C /* StatCard.swift in Sources */,
				A1C2344D2F9A9014008228BA /* PreviewSeeder.swift in Sources */,
				A1A1C3DA2F8D856900EB377C /* CalendarView.swift in Sources */,
				A14600E02F995E7800ED31F5 /* GoalType.swift in Sources */,
				A14600E22F995EA200ED31F5 /* CheckIn.swift in Sources */,
			);
			runOnlyForDeploymentPostprocessing = 0;
		};
/* End PBXSourcesBuildPhase section */

/* Begin XCBuildConfiguration section */
		A1A1C3BF2F8D767E00EB377C /* Debug */ = {
			isa = XCBuildConfiguration;
			buildSettings = {
				ALWAYS_SEARCH_USER_PATHS = NO;
				ASSETCATALOG_COMPILER_GENERATE_SWIFT_ASSET_SYMBOL_EXTENSIONS = YES;
				CLANG_ANALYZER_NONNULL = YES;
				CLANG_ANALYZER_NUMBER_OBJECT_CONVERSION = YES_AGGRESSIVE;
				CLANG_CXX_LANGUAGE_STANDARD = "gnu++20";
				CLANG_ENABLE_MODULES = YES;
				CLANG_ENABLE_OBJC_ARC = YES;
				CLANG_ENABLE_OBJC_WEAK = YES;
				CLANG_WARN_BLOCK_CAPTURE_AUTORELEASING = YES;
				CLANG_WARN_BOOL_CONVERSION = YES;
				CLANG_WARN_COMMA = YES;
				CLANG_WARN_CONSTANT_CONVERSION = YES;
				CLANG_WARN_DEPRECATED_OBJC_IMPLEMENTATIONS = YES;
				CLANG_WARN_DIRECT_OBJC_ISA_USAGE = YES_ERROR;
				CLANG_WARN_DOCUMENTATION_COMMENTS = YES;
				CLANG_WARN_EMPTY_BODY = YES;
				CLANG_WARN_ENUM_CONVERSION = YES;
				CLANG_WARN_INFINITE_RECURSION = YES;
				CLANG_WARN_INT_CONVERSION = YES;
				CLANG_WARN_NON_LITERAL_NULL_CONVERSION = YES;
				CLANG_WARN_OBJC_IMPLICIT_RETAIN_SELF = YES;
				CLANG_WARN_OBJC_LITERAL_CONVERSION = YES;
				CLANG_WARN_OBJC_ROOT_CLASS = YES_ERROR;
				CLANG_WARN_QUOTED_INCLUDE_IN_FRAMEWORK_HEADER = YES;
				CLANG_WARN_RANGE_LOOP_ANALYSIS = YES;
				CLANG_WARN_STRICT_PROTOTYPES = YES;
				CLANG_WARN_SUSPICIOUS_MOVE = YES;
				CLANG_WARN_UNGUARDED_AVAILABILITY = YES_AGGRESSIVE;
				CLANG_WARN_UNREACHABLE_CODE = YES;
				CLANG_WARN__DUPLICATE_METHOD_MATCH = YES;
				COPY_PHASE_STRIP = NO;
				DEBUG_INFORMATION_FORMAT = dwarf;
				ENABLE_STRICT_OBJC_MSGSEND = YES;
				ENABLE_TESTABILITY = YES;
				ENABLE_USER_SCRIPT_SANDBOXING = YES;
				GCC_C_LANGUAGE_STANDARD = gnu17;
				GCC_DYNAMIC_NO_PIC = NO;
				GCC_NO_COMMON_BLOCKS = YES;
				GCC_OPTIMIZATION_LEVEL = 0;
				GCC_PREPROCESSOR_DEFINITIONS = (
					"DEBUG=1",
					"$(inherited)",
				);
				GCC_WARN_64_TO_32_BIT_CONVERSION = YES;
				GCC_WARN_ABOUT_RETURN_TYPE = YES_ERROR;
				GCC_WARN_UNDECLARED_SELECTOR = YES;
				GCC_WARN_UNINITIALIZED_AUTOS = YES_AGGRESSIVE;
				GCC_WARN_UNUSED_FUNCTION = YES;
				GCC_WARN_UNUSED_VARIABLE = YES;
				IPHONEOS_DEPLOYMENT_TARGET = 26.2;
				LOCALIZATION_PREFERS_STRING_CATALOGS = YES;
				MTL_ENABLE_DEBUG_INFO = INCLUDE_SOURCE;
				MTL_FAST_MATH = YES;
				ONLY_ACTIVE_ARCH = YES;
				SDKROOT = iphoneos;
				SWIFT_ACTIVE_COMPILATION_CONDITIONS = "DEBUG $(inherited)";
				SWIFT_OPTIMIZATION_LEVEL = "-Onone";
			};
			name = Debug;
		};
		A1A1C3C02F8D767E00EB377C /* Release */ = {
			isa = XCBuildConfiguration;
			buildSettings = {
				ALWAYS_SEARCH_USER_PATHS = NO;
				ASSETCATALOG_COMPILER_GENERATE_SWIFT_ASSET_SYMBOL_EXTENSIONS = YES;
				CLANG_ANALYZER_NONNULL = YES;
				CLANG_ANALYZER_NUMBER_OBJECT_CONVERSION = YES_AGGRESSIVE;
				CLANG_CXX_LANGUAGE_STANDARD = "gnu++20";
				CLANG_ENABLE_MODULES = YES;
				CLANG_ENABLE_OBJC_ARC = YES;
				CLANG_ENABLE_OBJC_WEAK = YES;
				CLANG_WARN_BLOCK_CAPTURE_AUTORELEASING = YES;
				CLANG_WARN_BOOL_CONVERSION = YES;
				CLANG_WARN_COMMA = YES;
				CLANG_WARN_CONSTANT_CONVERSION = YES;
				CLANG_WARN_DEPRECATED_OBJC_IMPLEMENTATIONS = YES;
				CLANG_WARN_DIRECT_OBJC_ISA_USAGE = YES_ERROR;
				CLANG_WARN_DOCUMENTATION_COMMENTS = YES;
				CLANG_WARN_EMPTY_BODY = YES;
				CLANG_WARN_ENUM_CONVERSION = YES;
				CLANG_WARN_INFINITE_RECURSION = YES;
				CLANG_WARN_INT_CONVERSION = YES;
				CLANG_WARN_NON_LITERAL_NULL_CONVERSION = YES;
				CLANG_WARN_OBJC_IMPLICIT_RETAIN_SELF = YES;
				CLANG_WARN_OBJC_LITERAL_CONVERSION = YES;
				CLANG_WARN_OBJC_ROOT_CLASS = YES_ERROR;
				CLANG_WARN_QUOTED_INCLUDE_IN_FRAMEWORK_HEADER = YES;
				CLANG_WARN_RANGE_LOOP_ANALYSIS = YES;
				CLANG_WARN_STRICT_PROTOTYPES = YES;
				CLANG_WARN_SUSPICIOUS_MOVE = YES;
				CLANG_WARN_UNGUARDED_AVAILABILITY = YES_AGGRESSIVE;
				CLANG_WARN_UNREACHABLE_CODE = YES;
				CLANG_WARN__DUPLICATE_METHOD_MATCH = YES;
				COPY_PHASE_STRIP = NO;
				DEBUG_INFORMATION_FORMAT = "dwarf-with-dsym";
				ENABLE_NS_ASSERTIONS = NO;
				ENABLE_STRICT_OBJC_MSGSEND = YES;
				ENABLE_USER_SCRIPT_SANDBOXING = YES;
				GCC_C_LANGUAGE_STANDARD = gnu17;
				GCC_NO_COMMON_BLOCKS = YES;
				GCC_WARN_64_TO_32_BIT_CONVERSION = YES;
				GCC_WARN_ABOUT_RETURN_TYPE = YES_ERROR;
				GCC_WARN_UNDECLARED_SELECTOR = YES;
				GCC_WARN_UNINITIALIZED_AUTOS = YES_AGGRESSIVE;
				GCC_WARN_UNUSED_FUNCTION = YES;
				GCC_WARN_UNUSED_VARIABLE = YES;
				IPHONEOS_DEPLOYMENT_TARGET = 26.2;
				LOCALIZATION_PREFERS_STRING_CATALOGS = YES;
				MTL_ENABLE_DEBUG_INFO = NO;
				MTL_FAST_MATH = YES;
				SDKROOT = iphoneos;
				SWIFT_COMPILATION_MODE = wholemodule;
				VALIDATE_PRODUCT = YES;
			};
			name = Release;
		};
		A1A1C3C22F8D767E00EB377C /* Debug */ = {
			isa = XCBuildConfiguration;
			buildSettings = {
				ASSETCATALOG_COMPILER_APPICON_NAME = AppIcon;
				ASSETCATALOG_COMPILER_GLOBAL_ACCENT_COLOR_NAME = AccentColor;
				CODE_SIGN_STYLE = Automatic;
				CURRENT_PROJECT_VERSION = 1;
				ENABLE_PREVIEWS = YES;
				GENERATE_INFOPLIST_FILE = YES;
				INFOPLIST_KEY_NSFileProviderDomainUsageDescription = "Consistency Calendar uses your location to save and verify location-based goals like going to the gym or library.";
				INFOPLIST_KEY_UIApplicationSceneManifest_Generation = YES;
				INFOPLIST_KEY_UIApplicationSupportsIndirectInputEvents = YES;
				INFOPLIST_KEY_UILaunchScreen_Generation = YES;
				INFOPLIST_KEY_UISupportedInterfaceOrientations_iPad = "UIInterfaceOrientationPortrait UIInterfaceOrientationPortraitUpsideDown UIInterfaceOrientationLandscapeLeft UIInterfaceOrientationLandscapeRight";
				INFOPLIST_KEY_UISupportedInterfaceOrientations_iPhone = "UIInterfaceOrientationPortrait UIInterfaceOrientationLandscapeLeft UIInterfaceOrientationLandscapeRight";
				LD_RUNPATH_SEARCH_PATHS = (
					"$(inherited)",
					"@executable_path/Frameworks",
				);
				MARKETING_VERSION = 1.0;
				PRODUCT_BUNDLE_IDENTIFIER = "name.andyhuoy.Consistency-Calendar";
				PRODUCT_NAME = "$(TARGET_NAME)";
				STRING_CATALOG_GENERATE_SYMBOLS = YES;
				SWIFT_APPROACHABLE_CONCURRENCY = YES;
				SWIFT_DEFAULT_ACTOR_ISOLATION = MainActor;
				SWIFT_EMIT_LOC_STRINGS = YES;
				SWIFT_UPCOMING_FEATURE_MEMBER_IMPORT_VISIBILITY = YES;
				SWIFT_VERSION = 5.0;
				TARGETED_DEVICE_FAMILY = "1,2";
			};
			name = Debug;
		};
		A1A1C3C32F8D767E00EB377C /* Release */ = {
			isa = XCBuildConfiguration;
			buildSettings = {
				ASSETCATALOG_COMPILER_APPICON_NAME = AppIcon;
				ASSETCATALOG_COMPILER_GLOBAL_ACCENT_COLOR_NAME = AccentColor;
				CODE_SIGN_STYLE = Automatic;
				CURRENT_PROJECT_VERSION = 1;
				ENABLE_PREVIEWS = YES;
				GENERATE_INFOPLIST_FILE = YES;
				INFOPLIST_KEY_NSFileProviderDomainUsageDescription = "Consistency Calendar uses your location to save and verify location-based goals like going to the gym or library.";
				INFOPLIST_KEY_UIApplicationSceneManifest_Generation = YES;
				INFOPLIST_KEY_UIApplicationSupportsIndirectInputEvents = YES;
				INFOPLIST_KEY_UILaunchScreen_Generation = YES;
				INFOPLIST_KEY_UISupportedInterfaceOrientations_iPad = "UIInterfaceOrientationPortrait UIInterfaceOrientationPortraitUpsideDown UIInterfaceOrientationLandscapeLeft UIInterfaceOrientationLandscapeRight";
				INFOPLIST_KEY_UISupportedInterfaceOrientations_iPhone = "UIInterfaceOrientationPortrait UIInterfaceOrientationLandscapeLeft UIInterfaceOrientationLandscapeRight";
				LD_RUNPATH_SEARCH_PATHS = (
					"$(inherited)",
					"@executable_path/Frameworks",
				);
				MARKETING_VERSION = 1.0;
				PRODUCT_BUNDLE_IDENTIFIER = "name.andyhuoy.Consistency-Calendar";
				PRODUCT_NAME = "$(TARGET_NAME)";
				STRING_CATALOG_GENERATE_SYMBOLS = YES;
				SWIFT_APPROACHABLE_CONCURRENCY = YES;
				SWIFT_DEFAULT_ACTOR_ISOLATION = MainActor;
				SWIFT_EMIT_LOC_STRINGS = YES;
				SWIFT_UPCOMING_FEATURE_MEMBER_IMPORT_VISIBILITY = YES;
				SWIFT_VERSION = 5.0;
				TARGETED_DEVICE_FAMILY = "1,2";
			};
			name = Release;
		};
/* End XCBuildConfiguration section */

/* Begin XCConfigurationList section */
		A1A1C3B12F8D767B00EB377C /* Build configuration list for PBXProject "Consistency Calendar" */ = {
			isa = XCConfigurationList;
			buildConfigurations = (
				A1A1C3BF2F8D767E00EB377C /* Debug */,
				A1A1C3C02F8D767E00EB377C /* Release */,
			);
			defaultConfigurationIsVisible = 0;
			defaultConfigurationName = Release;
		};
		A1A1C3C12F8D767E00EB377C /* Build configuration list for PBXNativeTarget "Consistency Calendar" */ = {
			isa = XCConfigurationList;
			buildConfigurations = (
				A1A1C3C22F8D767E00EB377C /* Debug */,
				A1A1C3C32F8D767E00EB377C /* Release */,
			);
			defaultConfigurationIsVisible = 0;
			defaultConfigurationName = Release;
		};
/* End XCConfigurationList section */
	};
	rootObject = A1A1C3AE2F8D767B00EB377C /* Project object */;
}
